
Microsoft Visual Studio Solution File, Format Version 12.00
# Visual Studio Version 16
VisualStudioVersion = 16.0.34031.81
MinimumVisualStudioVersion = 10.0.40219.1
Project("{9A19103F-16F7-4668-BE54-9A1E7A4F7556}") = "ConsoleForTask", "ConsoleForTask\ConsoleForTask.csproj", "{D1E7F6FE-5027-44EF-B52B-5BFA0C7D3037}"
EndProject
Project("{9A19103F-16F7-4668-BE54-9A1E7A4F7556}") = "Exercise", "ListOfProject\Exercise.csproj", "{8B7BCD17-DFFF-402E-9618-5C3AC6E40B6B}"
EndProject
Project("{FAE04EC0-301F-11D3-BF4B-00C04F79EFBC}") = "ReadandWrite", "ReadandWrite\ReadandWrite.csproj", "{A5B8AD2B-93B2-45F9-9196-FA531AB8F046}"
EndProject
Global
	GlobalSection(SolutionConfigurationPlatforms) = preSolution
		Debug|Any CPU = Debug|Any CPU
		Release|Any CPU = Release|Any CPU
	EndGlobalSection
	GlobalSection(ProjectConfigurationPlatforms) = postSolution
		{D1E7F6FE-5027-44EF-B52B-5BFA0C7D3037}.Debug|Any CPU.ActiveCfg = Debug|Any CPU
		{D1E7F6FE-5027-44EF-B52B-5BFA0C7D3037}.Debug|Any CPU.Build.0 = Debug|Any CPU
		{D1E7F6FE-5027-44EF-B52B-5BFA0C7D3037}.Release|Any CPU.ActiveCfg = Release|Any CPU
		{D1E7F6FE-5027-44EF-B52B-5BFA0C7D3037}.Release|Any CPU.Build.0 = Release|Any CPU
		{8B7BCD17-DFFF-402E-9618-5C3AC6E40B6B}.Debug|Any CPU.ActiveCfg = Debug|Any CPU
		{8B7BCD17-DFFF-402E-9618-5C3AC6E40B6B}.Debug|Any CPU.Build.0 = Debug|Any CPU
		{8B7BCD17-DFFF-402E-9618-5C3AC6E40B6B}.Release|Any CPU.ActiveCfg = Release|Any CPU
		{8B7BCD17-DFFF-402E-9618-5C3AC6E40B6B}.Release|Any CPU.Build.0 = Release|Any CPU
		{A5B8AD2B-93B2-45F9-9196-FA531AB8F046}.Debug|Any CPU.ActiveCfg = Debug|Any CPU
		{A5B8AD2B-93B2-45F9-9196-FA531AB8F046}.Debug|Any CPU.Build.0 = Debug|Any CPU
		{A5B8AD2B-93B2-45F9-9196-FA531AB8F046}.Release|Any CPU.ActiveCfg = Release|Any CPU
		{A5B8AD2B-93B2-45F9-9196-FA531AB8F046}.Release|Any CPU.Build.0 = Release|Any CPU
	EndGlobalSection
	GlobalSection(SolutionProperties) = preSolution
		HideSolutionNode = FALSE
	EndGlobalSection
	GlobalSection(ExtensibilityGlobals) = postSolution
		SolutionGuid = {BDC18F83-C2DA-4AC8-AFED-9831BA3BD4D0}
	EndGlobalSection
EndGlobal
